
Microsoft Visual Studio Solution File, Format Version 12.00
# Visual Studio Version 17
VisualStudioVersion = 17.9.34310.174
MinimumVisualStudioVersion = 10.0.40219.1
Project("{FAE04EC0-301F-11D3-BF4B-00C04F79EFBC}") = "BasicAuthSwagger.api", "BasicAuthSwagger.api\BasicAuthSwagger.api.csproj", "{86B8CD28-1975-4110-8AB5-2E4B087FFD4B}"
EndProject
Global
	GlobalSection(SolutionConfigurationPlatforms) = preSolution
		Debug|Any CPU = Debug|Any CPU
		Release|Any CPU = Release|Any CPU
	EndGlobalSection
	GlobalSection(ProjectConfigurationPlatforms) = postSolution
		{86B8CD28-1975-4110-8AB5-2E4B087FFD4B}.Debug|Any CPU.ActiveCfg = Debug|Any CPU
		{86B8CD28-1975-4110-8AB5-2E4B087FFD4B}.Debug|Any CPU.Build.0 = Debug|Any CPU
		{86B8CD28-1975-4110-8AB5-2E4B087FFD4B}.Release|Any CPU.ActiveCfg = Release|Any CPU
		{86B8CD28-1975-4110-8AB5-2E4B087FFD4B}.Release|Any CPU.Build.0 = Release|Any CPU
	EndGlobalSection
	GlobalSection(SolutionProperties) = preSolution
		HideSolutionNode = FALSE
	EndGlobalSection
	GlobalSection(ExtensibilityGlobals) = postSolution
		SolutionGuid = {696B0061-CD99-41DF-9C87-41D38FC79137}
	EndGlobalSection
EndGlobal
